
Microsoft Visual Studio Solution File, Format Version 12.00
# Visual Studio Version 17
VisualStudioVersion = 17.14.36518.9 d17.14
MinimumVisualStudioVersion = 10.0.40219.1
Project("{FAE04EC0-301F-11D3-BF4B-00C04F79EFBC}") = "ASP_Ticket_Center", "ASP_Ticket_Center.csproj", "{4061198B-E52D-4772-ADC8-0939433A59CA}"
EndProject
Global
	GlobalSection(SolutionConfigurationPlatforms) = preSolution
		Debug|Any CPU = Debug|Any CPU
		Release|Any CPU = Release|Any CPU
	EndGlobalSection
	GlobalSection(ProjectConfigurationPlatforms) = postSolution
		{4061198B-E52D-4772-ADC8-0939433A59CA}.Debug|Any CPU.ActiveCfg = Debug|Any CPU
		{4061198B-E52D-4772-ADC8-0939433A59CA}.Debug|Any CPU.Build.0 = Debug|Any CPU
		{4061198B-E52D-4772-ADC8-0939433A59CA}.Release|Any CPU.ActiveCfg = Release|Any CPU
		{4061198B-E52D-4772-ADC8-0939433A59CA}.Release|Any CPU.Build.0 = Release|Any CPU
	EndGlobalSection
	GlobalSection(SolutionProperties) = preSolution
		HideSolutionNode = FALSE
	EndGlobalSection
	GlobalSection(ExtensibilityGlobals) = postSolution
		SolutionGuid = {5C34EAD0-B549-4682-9B31-C0A0F7A58661}
	EndGlobalSection
EndGlobal
